
Microsoft Visual Studio Solution File, Format Version 12.00
# Visual Studio 2013
VisualStudioVersion = 12.0.31101.0
MinimumVisualStudioVersion = 10.0.40219.1
Project("{FAE04EC0-301F-11D3-BF4B-00C04F79EFBC}") = "Gwent.NET", "Gwent.NET\Gwent.NET.csproj", "{08105BD1-EA08-4CDB-A51E-FC16FF6F4C4C}"
EndProject
Project("{FAE04EC0-301F-11D3-BF4B-00C04F79EFBC}") = "Gwent.NET.Webservice", "Gwent.NET.Webservice\Gwent.NET.Webservice.csproj", "{E45FE610-2E19-4282-A600-C917482AE3CC}"
EndProject
Project("{FAE04EC0-301F-11D3-BF4B-00C04F79EFBC}") = "Gwent.NET.App", "Gwent.NET.App\Gwent.NET.App.csproj", "{ABD39B17-F1DC-4F57-ACCB-7543F78C8EC8}"
EndProject
Project("{FAE04EC0-301F-11D3-BF4B-00C04F79EFBC}") = "Gwent.NET.Test", "Gwent.NET.Test\Gwent.NET.Test.csproj", "{B6DA993C-42F0-4B29-ACD1-B09305EF33C7}"
EndProject
Project("{2150E333-8FDC-42A3-9474-1A3956D46DE8}") = ".nuget", ".nuget", "{85AF2A7F-6632-4B3F-B37D-AD9D1691D0C7}"
	ProjectSection(SolutionItems) = preProject
		.nuget\NuGet.Config = .nuget\NuGet.Config
		.nuget\NuGet.exe = .nuget\NuGet.exe
		.nuget\NuGet.targets = .nuget\NuGet.targets
	EndProjectSection
EndProject
Global
	GlobalSection(SolutionConfigurationPlatforms) = preSolution
		Debug|Any CPU = Debug|Any CPU
		Release|Any CPU = Release|Any CPU
	EndGlobalSection
	GlobalSection(ProjectConfigurationPlatforms) = postSolution
		{08105BD1-EA08-4CDB-A51E-FC16FF6F4C4C}.Debug|Any CPU.ActiveCfg = Debug|Any CPU
		{08105BD1-EA08-4CDB-A51E-FC16FF6F4C4C}.Debug|Any CPU.Build.0 = Debug|Any CPU
		{08105BD1-EA08-4CDB-A51E-FC16FF6F4C4C}.Release|Any CPU.ActiveCfg = Release|Any CPU
		{08105BD1-EA08-4CDB-A51E-FC16FF6F4C4C}.Release|Any CPU.Build.0 = Release|Any CPU
		{E45FE610-2E19-4282-A600-C917482AE3CC}.Debug|Any CPU.ActiveCfg = Debug|Any CPU
		{E45FE610-2E19-4282-A600-C917482AE3CC}.Debug|Any CPU.Build.0 = Debug|Any CPU
		{E45FE610-2E19-4282-A600-C917482AE3CC}.Release|Any CPU.ActiveCfg = Release|Any CPU
		{E45FE610-2E19-4282-A600-C917482AE3CC}.Release|Any CPU.Build.0 = Release|Any CPU
		{ABD39B17-F1DC-4F57-ACCB-7543F78C8EC8}.Debug|Any CPU.ActiveCfg = Debug|Any CPU
		{ABD39B17-F1DC-4F57-ACCB-7543F78C8EC8}.Debug|Any CPU.Build.0 = Debug|Any CPU
		{ABD39B17-F1DC-4F57-ACCB-7543F78C8EC8}.Release|Any CPU.ActiveCfg = Release|Any CPU
		{ABD39B17-F1DC-4F57-ACCB-7543F78C8EC8}.Release|Any CPU.Build.0 = Release|Any CPU
		{B6DA993C-42F0-4B29-ACD1-B09305EF33C7}.Debug|Any CPU.ActiveCfg = Debug|Any CPU
		{B6DA993C-42F0-4B29-ACD1-B09305EF33C7}.Debug|Any CPU.Build.0 = Debug|Any CPU
		{B6DA993C-42F0-4B29-ACD1-B09305EF33C7}.Release|Any CPU.ActiveCfg = Release|Any CPU
		{B6DA993C-42F0-4B29-ACD1-B09305EF33C7}.Release|Any CPU.Build.0 = Release|Any CPU
	EndGlobalSection
	GlobalSection(SolutionProperties) = preSolution
		HideSolutionNode = FALSE
	EndGlobalSection
EndGlobal
